
Microsoft Visual Studio Solution File, Format Version 12.00
# Visual Studio Version 16
VisualStudioVersion = 16.0.29215.179
MinimumVisualStudioVersion = 10.0.40219.1
Project("{FAE04EC0-301F-11D3-BF4B-00C04F79EFBC}") = "Gestion_Television_Juan_Vicente_Sanchez_Reyes", "Gestion_Television_Juan_Vicente_Sanchez_Reyes.csproj", "{555191F1-EB15-4503-8A71-37336B891554}"
EndProject
Global
	GlobalSection(SolutionConfigurationPlatforms) = preSolution
		Debug|Any CPU = Debug|Any CPU
		Release|Any CPU = Release|Any CPU
	EndGlobalSection
	GlobalSection(ProjectConfigurationPlatforms) = postSolution
		{555191F1-EB15-4503-8A71-37336B891554}.Debug|Any CPU.ActiveCfg = Debug|Any CPU
		{555191F1-EB15-4503-8A71-37336B891554}.Debug|Any CPU.Build.0 = Debug|Any CPU
		{555191F1-EB15-4503-8A71-37336B891554}.Release|Any CPU.ActiveCfg = Release|Any CPU
		{555191F1-EB15-4503-8A71-37336B891554}.Release|Any CPU.Build.0 = Release|Any CPU
	EndGlobalSection
	GlobalSection(SolutionProperties) = preSolution
		HideSolutionNode = FALSE
	EndGlobalSection
	GlobalSection(ExtensibilityGlobals) = postSolution
		SolutionGuid = {70E6C269-EB96-4BEC-A02C-6CEC67E76C37}
	EndGlobalSection
EndGlobal
